// !$*UTF8*$!
{
	archiveVersion = 1;
	classes = {
	};
	objectVersion = 50;
	objects = {

/* Begin PBXBuildFile section */
		500F55422581196B00ED3EBD /* UILabel+.swift in Sources */ = {isa = PBXBuildFile; fileRef = 500F550D2581196A00ED3EBD /* UILabel+.swift */; };
		500F55432581196B00ED3EBD /* VSButton.swift in Sources */ = {isa = PBXBuildFile; fileRef = 500F550F2581196A00ED3EBD /* VSButton.swift */; };
		500F55442581196B00ED3EBD /* UIButton+.swift in Sources */ = {isa = PBXBuildFile; fileRef = 500F55102581196A00ED3EBD /* UIButton+.swift */; };
		500F55452581196B00ED3EBD /* VSButtonHolderView.swift in Sources */ = {isa = PBXBuildFile; fileRef = 500F55112581196A00ED3EBD /* VSButtonHolderView.swift */; };
		500F55462581196B00ED3EBD /* VSWrappedButton.swift in Sources */ = {isa = PBXBuildFile; fileRef = 500F55122581196A00ED3EBD /* VSWrappedButton.swift */; };
		500F55472581196B00ED3EBD /* VSStyleProvider+VSButton.swift in Sources */ = {isa = PBXBuildFile; fileRef = 500F55132581196A00ED3EBD /* VSStyleProvider+VSButton.swift */; };
		500F55482581196B00ED3EBD /* VSItem.swift in Sources */ = {isa = PBXBuildFile; fileRef = 500F55152581196A00ED3EBD /* VSItem.swift */; };
		500F55492581196B00ED3EBD /* VSInnerStyleProvider.swift in Sources */ = {isa = PBXBuildFile; fileRef = 500F55162581196A00ED3EBD /* VSInnerStyleProvider.swift */; };
		500F554A2581196B00ED3EBD /* VSStylezable.swift in Sources */ = {isa = PBXBuildFile; fileRef = 500F55172581196A00ED3EBD /* VSStylezable.swift */; };
		500F554B2581196B00ED3EBD /* VSStyleProvider.swift in Sources */ = {isa = PBXBuildFile; fileRef = 500F55182581196A00ED3EBD /* VSStyleProvider.swift */; };
		500F554C2581196B00ED3EBD /* VSBorderStyle.swift in Sources */ = {isa = PBXBuildFile; fileRef = 500F551A2581196A00ED3EBD /* VSBorderStyle.swift */; };
		500F554D2581196B00ED3EBD /* VSStyleProvider+VSBorderView.swift in Sources */ = {isa = PBXBuildFile; fileRef = 500F551B2581196A00ED3EBD /* VSStyleProvider+VSBorderView.swift */; };
		500F554E2581196B00ED3EBD /* VSBorderView.swift in Sources */ = {isa = PBXBuildFile; fileRef = 500F551C2581196A00ED3EBD /* VSBorderView.swift */; };
		500F554F2581196B00ED3EBD /* UIView+.swift in Sources */ = {isa = PBXBuildFile; fileRef = 500F551D2581196A00ED3EBD /* UIView+.swift */; };
		500F55512581196B00ED3EBD /* VSStyleProvider+VSTextView.swift in Sources */ = {isa = PBXBuildFile; fileRef = 500F55202581196A00ED3EBD /* VSStyleProvider+VSTextView.swift */; };
		500F55522581196B00ED3EBD /* VSTextView.swift in Sources */ = {isa = PBXBuildFile; fileRef = 500F55212581196A00ED3EBD /* VSTextView.swift */; };
		500F55532581196B00ED3EBD /* UITextView+.swift in Sources */ = {isa = PBXBuildFile; fileRef = 500F55222581196A00ED3EBD /* UITextView+.swift */; };
		500F55542581196B00ED3EBD /* VSTextHolderView.swift in Sources */ = {isa = PBXBuildFile; fileRef = 500F55232581196A00ED3EBD /* VSTextHolderView.swift */; };
		500F55552581196B00ED3EBD /* VSWrappedTextView.swift in Sources */ = {isa = PBXBuildFile; fileRef = 500F55242581196A00ED3EBD /* VSWrappedTextView.swift */; };
		500F55562581196B00ED3EBD /* VSStyleProvider+Text.swift in Sources */ = {isa = PBXBuildFile; fileRef = 500F55262581196A00ED3EBD /* VSStyleProvider+Text.swift */; };
		500F55572581196B00ED3EBD /* VSStringView.swift in Sources */ = {isa = PBXBuildFile; fileRef = 500F55272581196A00ED3EBD /* VSStringView.swift */; };
		500F55582581196B00ED3EBD /* VSStyleProvider+BaseStyle.swift in Sources */ = {isa = PBXBuildFile; fileRef = 500F55282581196A00ED3EBD /* VSStyleProvider+BaseStyle.swift */; };
		500F55592581196B00ED3EBD /* VSStyleProvider+ParagraphStyle.swift in Sources */ = {isa = PBXBuildFile; fileRef = 500F55292581196A00ED3EBD /* VSStyleProvider+ParagraphStyle.swift */; };
		500F555A2581196B00ED3EBD /* VSTextBaseStyle.swift in Sources */ = {isa = PBXBuildFile; fileRef = 500F552B2581196A00ED3EBD /* VSTextBaseStyle.swift */; };
		500F555B2581196B00ED3EBD /* VSTextParagraphStyle.swift in Sources */ = {isa = PBXBuildFile; fileRef = 500F552C2581196A00ED3EBD /* VSTextParagraphStyle.swift */; };
		500F555C2581196B00ED3EBD /* VSStringHolderView.swift in Sources */ = {isa = PBXBuildFile; fileRef = 500F552D2581196A00ED3EBD /* VSStringHolderView.swift */; };
		500F555D2581196B00ED3EBD /* VSWrappedStringView.swift in Sources */ = {isa = PBXBuildFile; fileRef = 500F552E2581196A00ED3EBD /* VSWrappedStringView.swift */; };
		500F555E2581196B00ED3EBD /* VSStringStylable.swift in Sources */ = {isa = PBXBuildFile; fileRef = 500F552F2581196A00ED3EBD /* VSStringStylable.swift */; };
		500F555F2581196B00ED3EBD /* VSStyleProvider+URL.swift in Sources */ = {isa = PBXBuildFile; fileRef = 500F55302581196A00ED3EBD /* VSStyleProvider+URL.swift */; };
		500F55602581196B00ED3EBD /* NSAttributedString+.swift in Sources */ = {isa = PBXBuildFile; fileRef = 500F55322581196A00ED3EBD /* NSAttributedString+.swift */; };
		500F55642581196B00ED3EBD /* VSWrappedControl.swift in Sources */ = {isa = PBXBuildFile; fileRef = 500F55382581196A00ED3EBD /* VSWrappedControl.swift */; };
		500F55652581196B00ED3EBD /* VSControl.swift in Sources */ = {isa = PBXBuildFile; fileRef = 500F55392581196A00ED3EBD /* VSControl.swift */; };
		500F55662581196B00ED3EBD /* String+.swift in Sources */ = {isa = PBXBuildFile; fileRef = 500F553B2581196A00ED3EBD /* String+.swift */; };
		500F55672581196B00ED3EBD /* VSTextFieldHolderView.swift in Sources */ = {isa = PBXBuildFile; fileRef = 500F553D2581196A00ED3EBD /* VSTextFieldHolderView.swift */; };
		500F55682581196B00ED3EBD /* VSWrappedTextField.swift in Sources */ = {isa = PBXBuildFile; fileRef = 500F553E2581196A00ED3EBD /* VSWrappedTextField.swift */; };
		500F55692581196B00ED3EBD /* VSStyleProvider+VSTextField.swift in Sources */ = {isa = PBXBuildFile; fileRef = 500F553F2581196A00ED3EBD /* VSStyleProvider+VSTextField.swift */; };
		500F556A2581196B00ED3EBD /* UITextField+.swift in Sources */ = {isa = PBXBuildFile; fileRef = 500F55402581196B00ED3EBD /* UITextField+.swift */; };
		500F556B2581196B00ED3EBD /* VSTextField.swift in Sources */ = {isa = PBXBuildFile; fileRef = 500F55412581196B00ED3EBD /* VSTextField.swift */; };
		50165ADE25B5F49400B8B9C7 /* VSImageHolderView.swift in Sources */ = {isa = PBXBuildFile; fileRef = 50165ADD25B5F49400B8B9C7 /* VSImageHolderView.swift */; };
		50165AE225B5F4FC00B8B9C7 /* VSImageView.swift in Sources */ = {isa = PBXBuildFile; fileRef = 50165AE125B5F4FC00B8B9C7 /* VSImageView.swift */; };
		504D35F125B5F836004EE42B /* UIImageView+.swift in Sources */ = {isa = PBXBuildFile; fileRef = 504D35F025B5F836004EE42B /* UIImageView+.swift */; };
		504D803625B1A4F60006E1EB /* UIStyler+UIImageView.swift in Sources */ = {isa = PBXBuildFile; fileRef = 500F55342581196A00ED3EBD /* UIStyler+UIImageView.swift */; };
		504D803C25B1B0790006E1EB /* Kingfisher.framework in Frameworks */ = {isa = PBXBuildFile; fileRef = 504D803B25B1B0790006E1EB /* Kingfisher.framework */; };
		504D804225B234A40006E1EB /* VSImageViewOption.swift in Sources */ = {isa = PBXBuildFile; fileRef = 504D804125B234A40006E1EB /* VSImageViewOption.swift */; };
		504D804625B234C90006E1EB /* VSImageViewPlaceholder.swift in Sources */ = {isa = PBXBuildFile; fileRef = 504D804525B234C90006E1EB /* VSImageViewPlaceholder.swift */; };
		504D804A25B234E80006E1EB /* VSImageViewStyle.swift in Sources */ = {isa = PBXBuildFile; fileRef = 504D804925B234E80006E1EB /* VSImageViewStyle.swift */; };
		50519C4C2470589E00F26526 /* AppDelegate.swift in Sources */ = {isa = PBXBuildFile; fileRef = 50519C4B2470589E00F26526 /* AppDelegate.swift */; };
		50519C4E2470589E00F26526 /* SceneDelegate.swift in Sources */ = {isa = PBXBuildFile; fileRef = 50519C4D2470589E00F26526 /* SceneDelegate.swift */; };
		50519C502470589E00F26526 /* ViewController.swift in Sources */ = {isa = PBXBuildFile; fileRef = 50519C4F2470589E00F26526 /* ViewController.swift */; };
		50519C532470589E00F26526 /* Main.storyboard in Resources */ = {isa = PBXBuildFile; fileRef = 50519C512470589E00F26526 /* Main.storyboard */; };
		50519C552470589F00F26526 /* Assets.xcassets in Resources */ = {isa = PBXBuildFile; fileRef = 50519C542470589F00F26526 /* Assets.xcassets */; };
		50519C582470589F00F26526 /* LaunchScreen.storyboard in Resources */ = {isa = PBXBuildFile; fileRef = 50519C562470589F00F26526 /* LaunchScreen.storyboard */; };
		50519C7A2470648900F26526 /* Example.swift in Sources */ = {isa = PBXBuildFile; fileRef = 50519C792470648900F26526 /* Example.swift */; };
		50519CA724730FCE00F26526 /* ViewStyler.h in Headers */ = {isa = PBXBuildFile; fileRef = 50519CA524730FCE00F26526 /* ViewStyler.h */; settings = {ATTRIBUTES = (Public, ); }; };
		50519CAA24730FCE00F26526 /* ViewStyler.framework in Frameworks */ = {isa = PBXBuildFile; fileRef = 50519CA324730FCE00F26526 /* ViewStyler.framework */; };
		50A80BC62587E18600AF8088 /* VSFormableView.swift in Sources */ = {isa = PBXBuildFile; fileRef = 50A80BC02587E10200AF8088 /* VSFormableView.swift */; };
		50A80BCB2587E18A00AF8088 /* VSFormStyle.swift in Sources */ = {isa = PBXBuildFile; fileRef = 50A80BBA2587E0ED00AF8088 /* VSFormStyle.swift */; };
		50A80BCF2587E1B100AF8088 /* VSStyleProvider+VSFormableView.swift in Sources */ = {isa = PBXBuildFile; fileRef = 50A80BCE2587E1B100AF8088 /* VSStyleProvider+VSFormableView.swift */; };
		50E9DFBF25826DFC000A2D1D /* VSLayerHolderView.swift in Sources */ = {isa = PBXBuildFile; fileRef = 50E9DFBE25826DFC000A2D1D /* VSLayerHolderView.swift */; };
		50EB9DFC2582758C00DE0EE0 /* VSShadowStyle.swift in Sources */ = {isa = PBXBuildFile; fileRef = 50EB9DFB2582758C00DE0EE0 /* VSShadowStyle.swift */; };
		50EB9E00258275D800DE0EE0 /* VSShadowableView.swift in Sources */ = {isa = PBXBuildFile; fileRef = 50EB9DFF258275D800DE0EE0 /* VSShadowableView.swift */; };
		50EB9E062582763100DE0EE0 /* VSStyleProvider+VSShadowableView.swift in Sources */ = {isa = PBXBuildFile; fileRef = 50EB9E052582763100DE0EE0 /* VSStyleProvider+VSShadowableView.swift */; };
/* End PBXBuildFile section */

/* Begin PBXContainerItemProxy section */
		50519CA824730FCE00F26526 /* PBXContainerItemProxy */ = {
			isa = PBXContainerItemProxy;
			containerPortal = 50519C402470589E00F26526 /* Project object */;
			proxyType = 1;
			remoteGlobalIDString = 50519CA224730FCE00F26526;
			remoteInfo = ViewStyler;
		};
/* End PBXContainerItemProxy section */

/* Begin PBXFileReference section */
		500F550D2581196A00ED3EBD /* UILabel+.swift */ = {isa = PBXFileReference; fileEncoding = 4; lastKnownFileType = sourcecode.swift; path = "UILabel+.swift"; sourceTree = "<group>"; };
		500F550F2581196A00ED3EBD /* VSButton.swift */ = {isa = PBXFileReference; fileEncoding = 4; lastKnownFileType = sourcecode.swift; path = VSButton.swift; sourceTree = "<group>"; };
		500F55102581196A00ED3EBD /* UIButton+.swift */ = {isa = PBXFileReference; fileEncoding = 4; lastKnownFileType = sourcecode.swift; path = "UIButton+.swift"; sourceTree = "<group>"; };
		500F55112581196A00ED3EBD /* VSButtonHolderView.swift */ = {isa = PBXFileReference; fileEncoding = 4; lastKnownFileType = sourcecode.swift; path = VSButtonHolderView.swift; sourceTree = "<group>"; };
		500F55122581196A00ED3EBD /* VSWrappedButton.swift */ = {isa = PBXFileReference; fileEncoding = 4; lastKnownFileType = sourcecode.swift; path = VSWrappedButton.swift; sourceTree = "<group>"; };
		500F55132581196A00ED3EBD /* VSStyleProvider+VSButton.swift */ = {isa = PBXFileReference; fileEncoding = 4; lastKnownFileType = sourcecode.swift; path = "VSStyleProvider+VSButton.swift"; sourceTree = "<group>"; };
		500F55152581196A00ED3EBD /* VSItem.swift */ = {isa = PBXFileReference; fileEncoding = 4; lastKnownFileType = sourcecode.swift; path = VSItem.swift; sourceTree = "<group>"; };
		500F55162581196A00ED3EBD /* VSInnerStyleProvider.swift */ = {isa = PBXFileReference; fileEncoding = 4; lastKnownFileType = sourcecode.swift; path = VSInnerStyleProvider.swift; sourceTree = "<group>"; };
		500F55172581196A00ED3EBD /* VSStylezable.swift */ = {isa = PBXFileReference; fileEncoding = 4; lastKnownFileType = sourcecode.swift; path = VSStylezable.swift; sourceTree = "<group>"; };
		500F55182581196A00ED3EBD /* VSStyleProvider.swift */ = {isa = PBXFileReference; fileEncoding = 4; lastKnownFileType = sourcecode.swift; path = VSStyleProvider.swift; sourceTree = "<group>"; };
		500F551A2581196A00ED3EBD /* VSBorderStyle.swift */ = {isa = PBXFileReference; fileEncoding = 4; lastKnownFileType = sourcecode.swift; path = VSBorderStyle.swift; sourceTree = "<group>"; };
		500F551B2581196A00ED3EBD /* VSStyleProvider+VSBorderView.swift */ = {isa = PBXFileReference; fileEncoding = 4; lastKnownFileType = sourcecode.swift; path = "VSStyleProvider+VSBorderView.swift"; sourceTree = "<group>"; };
		500F551C2581196A00ED3EBD /* VSBorderView.swift */ = {isa = PBXFileReference; fileEncoding = 4; lastKnownFileType = sourcecode.swift; path = VSBorderView.swift; sourceTree = "<group>"; };
		500F551D2581196A00ED3EBD /* UIView+.swift */ = {isa = PBXFileReference; fileEncoding = 4; lastKnownFileType = sourcecode.swift; path = "UIView+.swift"; sourceTree = "<group>"; };
		500F55202581196A00ED3EBD /* VSStyleProvider+VSTextView.swift */ = {isa = PBXFileReference; fileEncoding = 4; lastKnownFileType = sourcecode.swift; path = "VSStyleProvider+VSTextView.swift"; sourceTree = "<group>"; };
		500F55212581196A00ED3EBD /* VSTextView.swift */ = {isa = PBXFileReference; fileEncoding = 4; lastKnownFileType = sourcecode.swift; path = VSTextView.swift; sourceTree = "<group>"; };
		500F55222581196A00ED3EBD /* UITextView+.swift */ = {isa = PBXFileReference; fileEncoding = 4; lastKnownFileType = sourcecode.swift; path = "UITextView+.swift"; sourceTree = "<group>"; };
		500F55232581196A00ED3EBD /* VSTextHolderView.swift */ = {isa = PBXFileReference; fileEncoding = 4; lastKnownFileType = sourcecode.swift; path = VSTextHolderView.swift; sourceTree = "<group>"; };
		500F55242581196A00ED3EBD /* VSWrappedTextView.swift */ = {isa = PBXFileReference; fileEncoding = 4; lastKnownFileType = sourcecode.swift; path = VSWrappedTextView.swift; sourceTree = "<group>"; };
		500F55262581196A00ED3EBD /* VSStyleProvider+Text.swift */ = {isa = PBXFileReference; fileEncoding = 4; lastKnownFileType = sourcecode.swift; path = "VSStyleProvider+Text.swift"; sourceTree = "<group>"; };
		500F55272581196A00ED3EBD /* VSStringView.swift */ = {isa = PBXFileReference; fileEncoding = 4; lastKnownFileType = sourcecode.swift; path = VSStringView.swift; sourceTree = "<group>"; };
		500F55282581196A00ED3EBD /* VSStyleProvider+BaseStyle.swift */ = {isa = PBXFileReference; fileEncoding = 4; lastKnownFileType = sourcecode.swift; path = "VSStyleProvider+BaseStyle.swift"; sourceTree = "<group>"; };
		500F55292581196A00ED3EBD /* VSStyleProvider+ParagraphStyle.swift */ = {isa = PBXFileReference; fileEncoding = 4; lastKnownFileType = sourcecode.swift; path = "VSStyleProvider+ParagraphStyle.swift"; sourceTree = "<group>"; };
		500F552B2581196A00ED3EBD /* VSTextBaseStyle.swift */ = {isa = PBXFileReference; fileEncoding = 4; lastKnownFileType = sourcecode.swift; path = VSTextBaseStyle.swift; sourceTree = "<group>"; };
		500F552C2581196A00ED3EBD /* VSTextParagraphStyle.swift */ = {isa = PBXFileReference; fileEncoding = 4; lastKnownFileType = sourcecode.swift; path = VSTextParagraphStyle.swift; sourceTree = "<group>"; };
		500F552D2581196A00ED3EBD /* VSStringHolderView.swift */ = {isa = PBXFileReference; fileEncoding = 4; lastKnownFileType = sourcecode.swift; path = VSStringHolderView.swift; sourceTree = "<group>"; };
		500F552E2581196A00ED3EBD /* VSWrappedStringView.swift */ = {isa = PBXFileReference; fileEncoding = 4; lastKnownFileType = sourcecode.swift; path = VSWrappedStringView.swift; sourceTree = "<group>"; };
		500F552F2581196A00ED3EBD /* VSStringStylable.swift */ = {isa = PBXFileReference; fileEncoding = 4; lastKnownFileType = sourcecode.swift; path = VSStringStylable.swift; sourceTree = "<group>"; };
		500F55302581196A00ED3EBD /* VSStyleProvider+URL.swift */ = {isa = PBXFileReference; fileEncoding = 4; lastKnownFileType = sourcecode.swift; path = "VSStyleProvider+URL.swift"; sourceTree = "<group>"; };
		500F55322581196A00ED3EBD /* NSAttributedString+.swift */ = {isa = PBXFileReference; fileEncoding = 4; lastKnownFileType = sourcecode.swift; path = "NSAttributedString+.swift"; sourceTree = "<group>"; };
		500F55342581196A00ED3EBD /* UIStyler+UIImageView.swift */ = {isa = PBXFileReference; fileEncoding = 4; lastKnownFileType = sourcecode.swift; path = "UIStyler+UIImageView.swift"; sourceTree = "<group>"; };
		500F55382581196A00ED3EBD /* VSWrappedControl.swift */ = {isa = PBXFileReference; fileEncoding = 4; lastKnownFileType = sourcecode.swift; path = VSWrappedControl.swift; sourceTree = "<group>"; };
		500F55392581196A00ED3EBD /* VSControl.swift */ = {isa = PBXFileReference; fileEncoding = 4; lastKnownFileType = sourcecode.swift; path = VSControl.swift; sourceTree = "<group>"; };
		500F553B2581196A00ED3EBD /* String+.swift */ = {isa = PBXFileReference; fileEncoding = 4; lastKnownFileType = sourcecode.swift; path = "String+.swift"; sourceTree = "<group>"; };
		500F553D2581196A00ED3EBD /* VSTextFieldHolderView.swift */ = {isa = PBXFileReference; fileEncoding = 4; lastKnownFileType = sourcecode.swift; path = VSTextFieldHolderView.swift; sourceTree = "<group>"; };
		500F553E2581196A00ED3EBD /* VSWrappedTextField.swift */ = {isa = PBXFileReference; fileEncoding = 4; lastKnownFileType = sourcecode.swift; path = VSWrappedTextField.swift; sourceTree = "<group>"; };
		500F553F2581196A00ED3EBD /* VSStyleProvider+VSTextField.swift */ = {isa = PBXFileReference; fileEncoding = 4; lastKnownFileType = sourcecode.swift; path = "VSStyleProvider+VSTextField.swift"; sourceTree = "<group>"; };
		500F55402581196B00ED3EBD /* UITextField+.swift */ = {isa = PBXFileReference; fileEncoding = 4; lastKnownFileType = sourcecode.swift; path = "UITextField+.swift"; sourceTree = "<group>"; };
		500F55412581196B00ED3EBD /* VSTextField.swift */ = {isa = PBXFileReference; fileEncoding = 4; lastKnownFileType = sourcecode.swift; path = VSTextField.swift; sourceTree = "<group>"; };
		50165ADD25B5F49400B8B9C7 /* VSImageHolderView.swift */ = {isa = PBXFileReference; lastKnownFileType = sourcecode.swift; path = VSImageHolderView.swift; sourceTree = "<group>"; };
		50165AE125B5F4FC00B8B9C7 /* VSImageView.swift */ = {isa = PBXFileReference; lastKnownFileType = sourcecode.swift; path = VSImageView.swift; sourceTree = "<group>"; };
		504D35F025B5F836004EE42B /* UIImageView+.swift */ = {isa = PBXFileReference; lastKnownFileType = sourcecode.swift; path = "UIImageView+.swift"; sourceTree = "<group>"; };
		504D803B25B1B0790006E1EB /* Kingfisher.framework */ = {isa = PBXFileReference; lastKnownFileType = wrapper.framework; name = Kingfisher.framework; path = Carthage/Build/iOS/Kingfisher.framework; sourceTree = "<group>"; };
		504D804125B234A40006E1EB /* VSImageViewOption.swift */ = {isa = PBXFileReference; lastKnownFileType = sourcecode.swift; path = VSImageViewOption.swift; sourceTree = "<group>"; };
		504D804525B234C90006E1EB /* VSImageViewPlaceholder.swift */ = {isa = PBXFileReference; lastKnownFileType = sourcecode.swift; path = VSImageViewPlaceholder.swift; sourceTree = "<group>"; };
		504D804925B234E80006E1EB /* VSImageViewStyle.swift */ = {isa = PBXFileReference; lastKnownFileType = sourcecode.swift; path = VSImageViewStyle.swift; sourceTree = "<group>"; };
		50519C482470589E00F26526 /* Styler.app */ = {isa = PBXFileReference; explicitFileType = wrapper.application; includeInIndex = 0; path = Styler.app; sourceTree = BUILT_PRODUCTS_DIR; };
		50519C4B2470589E00F26526 /* AppDelegate.swift */ = {isa = PBXFileReference; lastKnownFileType = sourcecode.swift; path = AppDelegate.swift; sourceTree = "<group>"; };
		50519C4D2470589E00F26526 /* SceneDelegate.swift */ = {isa = PBXFileReference; lastKnownFileType = sourcecode.swift; path = SceneDelegate.swift; sourceTree = "<group>"; };
		50519C4F2470589E00F26526 /* ViewController.swift */ = {isa = PBXFileReference; lastKnownFileType = sourcecode.swift; path = ViewController.swift; sourceTree = "<group>"; };
		50519C522470589E00F26526 /* Base */ = {isa = PBXFileReference; lastKnownFileType = file.storyboard; name = Base; path = Base.lproj/Main.storyboard; sourceTree = "<group>"; };
		50519C542470589F00F26526 /* Assets.xcassets */ = {isa = PBXFileReference; lastKnownFileType = folder.assetcatalog; path = Assets.xcassets; sourceTree = "<group>"; };
		50519C572470589F00F26526 /* Base */ = {isa = PBXFileReference; lastKnownFileType = file.storyboard; name = Base; path = Base.lproj/LaunchScreen.storyboard; sourceTree = "<group>"; };
		50519C592470589F00F26526 /* Info.plist */ = {isa = PBXFileReference; lastKnownFileType = text.plist.xml; path = Info.plist; sourceTree = "<group>"; };
		50519C792470648900F26526 /* Example.swift */ = {isa = PBXFileReference; lastKnownFileType = sourcecode.swift; path = Example.swift; sourceTree = "<group>"; };
		50519CA324730FCE00F26526 /* ViewStyler.framework */ = {isa = PBXFileReference; explicitFileType = wrapper.framework; includeInIndex = 0; path = ViewStyler.framework; sourceTree = BUILT_PRODUCTS_DIR; };
		50519CA524730FCE00F26526 /* ViewStyler.h */ = {isa = PBXFileReference; lastKnownFileType = sourcecode.c.h; path = ViewStyler.h; sourceTree = "<group>"; };
		50519CA624730FCE00F26526 /* Info.plist */ = {isa = PBXFileReference; lastKnownFileType = text.plist.xml; path = Info.plist; sourceTree = "<group>"; };
		50A80BBA2587E0ED00AF8088 /* VSFormStyle.swift */ = {isa = PBXFileReference; lastKnownFileType = sourcecode.swift; path = VSFormStyle.swift; sourceTree = "<group>"; };
		50A80BC02587E10200AF8088 /* VSFormableView.swift */ = {isa = PBXFileReference; lastKnownFileType = sourcecode.swift; path = VSFormableView.swift; sourceTree = "<group>"; };
		50A80BCE2587E1B100AF8088 /* VSStyleProvider+VSFormableView.swift */ = {isa = PBXFileReference; lastKnownFileType = sourcecode.swift; path = "VSStyleProvider+VSFormableView.swift"; sourceTree = "<group>"; };
		50E9DFBE25826DFC000A2D1D /* VSLayerHolderView.swift */ = {isa = PBXFileReference; fileEncoding = 4; lastKnownFileType = sourcecode.swift; path = VSLayerHolderView.swift; sourceTree = "<group>"; };
		50EB9DFB2582758C00DE0EE0 /* VSShadowStyle.swift */ = {isa = PBXFileReference; lastKnownFileType = sourcecode.swift; path = VSShadowStyle.swift; sourceTree = "<group>"; };
		50EB9DFF258275D800DE0EE0 /* VSShadowableView.swift */ = {isa = PBXFileReference; lastKnownFileType = sourcecode.swift; path = VSShadowableView.swift; sourceTree = "<group>"; };
		50EB9E052582763100DE0EE0 /* VSStyleProvider+VSShadowableView.swift */ = {isa = PBXFileReference; lastKnownFileType = sourcecode.swift; path = "VSStyleProvider+VSShadowableView.swift"; sourceTree = "<group>"; };
/* End PBXFileReference section */

/* Begin PBXFrameworksBuildPhase section */
		50519C452470589E00F26526 /* Frameworks */ = {
			isa = PBXFrameworksBuildPhase;
			buildActionMask = 2147483647;
			files = (
				50519CAA24730FCE00F26526 /* ViewStyler.framework in Frameworks */,
			);
			runOnlyForDeploymentPostprocessing = 0;
		};
		50519CA024730FCE00F26526 /* Frameworks */ = {
			isa = PBXFrameworksBuildPhase;
			buildActionMask = 2147483647;
			files = (
				504D803C25B1B0790006E1EB /* Kingfisher.framework in Frameworks */,
			);
			runOnlyForDeploymentPostprocessing = 0;
		};
/* End PBXFrameworksBuildPhase section */

/* Begin PBXGroup section */
		500F550A2581196A00ED3EBD /* Sources */ = {
			isa = PBXGroup;
			children = (
				500F550B2581196A00ED3EBD /* ViewStyler */,
			);
			path = Sources;
			sourceTree = "<group>";
		};
		500F550B2581196A00ED3EBD /* ViewStyler */ = {
			isa = PBXGroup;
			children = (
				500F550C2581196A00ED3EBD /* UILabel */,
				500F550E2581196A00ED3EBD /* UIButton */,
				500F55142581196A00ED3EBD /* Core */,
				500F55192581196A00ED3EBD /* UIView */,
				500F551F2581196A00ED3EBD /* UITextView */,
				500F55252581196A00ED3EBD /* TextStyle */,
				500F55312581196A00ED3EBD /* Extensions */,
				500F55332581196A00ED3EBD /* UIImageView */,
				500F55372581196A00ED3EBD /* UIControl */,
				500F553A2581196A00ED3EBD /* String */,
				500F553C2581196A00ED3EBD /* UITextField */,
			);
			path = ViewStyler;
			sourceTree = "<group>";
		};
		500F550C2581196A00ED3EBD /* UILabel */ = {
			isa = PBXGroup;
			children = (
				500F550D2581196A00ED3EBD /* UILabel+.swift */,
			);
			path = UILabel;
			sourceTree = "<group>";
		};
		500F550E2581196A00ED3EBD /* UIButton */ = {
			isa = PBXGroup;
			children = (
				500F550F2581196A00ED3EBD /* VSButton.swift */,
				500F55102581196A00ED3EBD /* UIButton+.swift */,
				500F55112581196A00ED3EBD /* VSButtonHolderView.swift */,
				500F55122581196A00ED3EBD /* VSWrappedButton.swift */,
				500F55132581196A00ED3EBD /* VSStyleProvider+VSButton.swift */,
			);
			path = UIButton;
			sourceTree = "<group>";
		};
		500F55142581196A00ED3EBD /* Core */ = {
			isa = PBXGroup;
			children = (
				500F55152581196A00ED3EBD /* VSItem.swift */,
				500F55162581196A00ED3EBD /* VSInnerStyleProvider.swift */,
				500F55172581196A00ED3EBD /* VSStylezable.swift */,
				500F55182581196A00ED3EBD /* VSStyleProvider.swift */,
			);
			path = Core;
			sourceTree = "<group>";
		};
		500F55192581196A00ED3EBD /* UIView */ = {
			isa = PBXGroup;
			children = (
				50A80BB92587E0DB00AF8088 /* Form */,
				50E9DFCA2582747A000A2D1D /* Shadow */,
				50E9DFC92582746B000A2D1D /* Border */,
				50E9DFBE25826DFC000A2D1D /* VSLayerHolderView.swift */,
				500F551D2581196A00ED3EBD /* UIView+.swift */,
			);
			path = UIView;
			sourceTree = "<group>";
		};
		500F551F2581196A00ED3EBD /* UITextView */ = {
			isa = PBXGroup;
			children = (
				500F55202581196A00ED3EBD /* VSStyleProvider+VSTextView.swift */,
				500F55212581196A00ED3EBD /* VSTextView.swift */,
				500F55222581196A00ED3EBD /* UITextView+.swift */,
				500F55232581196A00ED3EBD /* VSTextHolderView.swift */,
				500F55242581196A00ED3EBD /* VSWrappedTextView.swift */,
			);
			path = UITextView;
			sourceTree = "<group>";
		};
		500F55252581196A00ED3EBD /* TextStyle */ = {
			isa = PBXGroup;
			children = (
				500F55262581196A00ED3EBD /* VSStyleProvider+Text.swift */,
				500F55272581196A00ED3EBD /* VSStringView.swift */,
				500F55282581196A00ED3EBD /* VSStyleProvider+BaseStyle.swift */,
				500F55292581196A00ED3EBD /* VSStyleProvider+ParagraphStyle.swift */,
				500F552A2581196A00ED3EBD /* Styles */,
				500F552D2581196A00ED3EBD /* VSStringHolderView.swift */,
				500F552E2581196A00ED3EBD /* VSWrappedStringView.swift */,
				500F552F2581196A00ED3EBD /* VSStringStylable.swift */,
				500F55302581196A00ED3EBD /* VSStyleProvider+URL.swift */,
			);
			path = TextStyle;
			sourceTree = "<group>";
		};
		500F552A2581196A00ED3EBD /* Styles */ = {
			isa = PBXGroup;
			children = (
				500F552B2581196A00ED3EBD /* VSTextBaseStyle.swift */,
				500F552C2581196A00ED3EBD /* VSTextParagraphStyle.swift */,
			);
			path = Styles;
			sourceTree = "<group>";
		};
		500F55312581196A00ED3EBD /* Extensions */ = {
			isa = PBXGroup;
			children = (
				500F55322581196A00ED3EBD /* NSAttributedString+.swift */,
			);
			path = Extensions;
			sourceTree = "<group>";
		};
		500F55332581196A00ED3EBD /* UIImageView */ = {
			isa = PBXGroup;
			children = (
				500F55342581196A00ED3EBD /* UIStyler+UIImageView.swift */,
				504D804125B234A40006E1EB /* VSImageViewOption.swift */,
				504D804525B234C90006E1EB /* VSImageViewPlaceholder.swift */,
				504D804925B234E80006E1EB /* VSImageViewStyle.swift */,
				50165ADD25B5F49400B8B9C7 /* VSImageHolderView.swift */,
				50165AE125B5F4FC00B8B9C7 /* VSImageView.swift */,
				504D35F025B5F836004EE42B /* UIImageView+.swift */,
			);
			path = UIImageView;
			sourceTree = "<group>";
		};
		500F55372581196A00ED3EBD /* UIControl */ = {
			isa = PBXGroup;
			children = (
				500F55382581196A00ED3EBD /* VSWrappedControl.swift */,
				500F55392581196A00ED3EBD /* VSControl.swift */,
			);
			path = UIControl;
			sourceTree = "<group>";
		};
		500F553A2581196A00ED3EBD /* String */ = {
			isa = PBXGroup;
			children = (
				500F553B2581196A00ED3EBD /* String+.swift */,
			);
			path = String;
			sourceTree = "<group>";
		};
		500F553C2581196A00ED3EBD /* UITextField */ = {
			isa = PBXGroup;
			children = (
				500F553D2581196A00ED3EBD /* VSTextFieldHolderView.swift */,
				500F553E2581196A00ED3EBD /* VSWrappedTextField.swift */,
				500F553F2581196A00ED3EBD /* VSStyleProvider+VSTextField.swift */,
				500F55402581196B00ED3EBD /* UITextField+.swift */,
				500F55412581196B00ED3EBD /* VSTextField.swift */,
			);
			path = UITextField;
			sourceTree = "<group>";
		};
		504D803A25B1B0790006E1EB /* Frameworks */ = {
			isa = PBXGroup;
			children = (
				504D803B25B1B0790006E1EB /* Kingfisher.framework */,
			);
			name = Frameworks;
			sourceTree = "<group>";
		};
		50519C3F2470589E00F26526 = {
			isa = PBXGroup;
			children = (
				500F550A2581196A00ED3EBD /* Sources */,
				50519C4A2470589E00F26526 /* Example */,
				50519CA424730FCE00F26526 /* ViewStyler */,
				50519C492470589E00F26526 /* Products */,
				504D803A25B1B0790006E1EB /* Frameworks */,
			);
			sourceTree = "<group>";
		};
		50519C492470589E00F26526 /* Products */ = {
			isa = PBXGroup;
			children = (
				50519C482470589E00F26526 /* Styler.app */,
				50519CA324730FCE00F26526 /* ViewStyler.framework */,
			);
			name = Products;
			sourceTree = "<group>";
		};
		50519C4A2470589E00F26526 /* Example */ = {
			isa = PBXGroup;
			children = (
				50519C4B2470589E00F26526 /* AppDelegate.swift */,
				50519C792470648900F26526 /* Example.swift */,
				50519C4D2470589E00F26526 /* SceneDelegate.swift */,
				50519C4F2470589E00F26526 /* ViewController.swift */,
				50519C512470589E00F26526 /* Main.storyboard */,
				50519C542470589F00F26526 /* Assets.xcassets */,
				50519C562470589F00F26526 /* LaunchScreen.storyboard */,
				50519C592470589F00F26526 /* Info.plist */,
			);
			path = Example;
			sourceTree = "<group>";
		};
		50519CA424730FCE00F26526 /* ViewStyler */ = {
			isa = PBXGroup;
			children = (
				50519CA524730FCE00F26526 /* ViewStyler.h */,
				50519CA624730FCE00F26526 /* Info.plist */,
			);
			path = ViewStyler;
			sourceTree = "<group>";
		};
		50A80BB92587E0DB00AF8088 /* Form */ = {
			isa = PBXGroup;
			children = (
				50A80BBA2587E0ED00AF8088 /* VSFormStyle.swift */,
				50A80BC02587E10200AF8088 /* VSFormableView.swift */,
				50A80BCE2587E1B100AF8088 /* VSStyleProvider+VSFormableView.swift */,
			);
			path = Form;
			sourceTree = "<group>";
		};
		50E9DFC92582746B000A2D1D /* Border */ = {
			isa = PBXGroup;
			children = (
				500F551C2581196A00ED3EBD /* VSBorderView.swift */,
				500F551A2581196A00ED3EBD /* VSBorderStyle.swift */,
				500F551B2581196A00ED3EBD /* VSStyleProvider+VSBorderView.swift */,
			);
			path = Border;
			sourceTree = "<group>";
		};
		50E9DFCA2582747A000A2D1D /* Shadow */ = {
			isa = PBXGroup;
			children = (
				50EB9DFB2582758C00DE0EE0 /* VSShadowStyle.swift */,
				50EB9DFF258275D800DE0EE0 /* VSShadowableView.swift */,
				50EB9E052582763100DE0EE0 /* VSStyleProvider+VSShadowableView.swift */,
			);
			path = Shadow;
			sourceTree = "<group>";
		};
/* End PBXGroup section */

/* Begin PBXHeadersBuildPhase section */
		50519C9E24730FCE00F26526 /* Headers */ = {
			isa = PBXHeadersBuildPhase;
			buildActionMask = 2147483647;
			files = (
				50519CA724730FCE00F26526 /* ViewStyler.h in Headers */,
			);
			runOnlyForDeploymentPostprocessing = 0;
		};
/* End PBXHeadersBuildPhase section */

/* Begin PBXNativeTarget section */
		50519C472470589E00F26526 /* Styler */ = {
			isa = PBXNativeTarget;
			buildConfigurationList = 50519C5C2470589F00F26526 /* Build configuration list for PBXNativeTarget "Styler" */;
			buildPhases = (
				50519C442470589E00F26526 /* Sources */,
				50519C452470589E00F26526 /* Frameworks */,
				50519C462470589E00F26526 /* Resources */,
			);
			buildRules = (
			);
			dependencies = (
				50519CA924730FCE00F26526 /* PBXTargetDependency */,
			);
			name = Styler;
			productName = Styler;
			productReference = 50519C482470589E00F26526 /* Styler.app */;
			productType = "com.apple.product-type.application";
		};
		50519CA224730FCE00F26526 /* ViewStyler */ = {
			isa = PBXNativeTarget;
			buildConfigurationList = 50519CAF24730FCE00F26526 /* Build configuration list for PBXNativeTarget "ViewStyler" */;
			buildPhases = (
				50519C9E24730FCE00F26526 /* Headers */,
				50519C9F24730FCE00F26526 /* Sources */,
				50519CA024730FCE00F26526 /* Frameworks */,
				50519CA124730FCE00F26526 /* Resources */,
			);
			buildRules = (
			);
			dependencies = (
			);
			name = ViewStyler;
			productName = ViewStyler;
			productReference = 50519CA324730FCE00F26526 /* ViewStyler.framework */;
			productType = "com.apple.product-type.framework";
		};
/* End PBXNativeTarget section */

/* Begin PBXProject section */
		50519C402470589E00F26526 /* Project object */ = {
			isa = PBXProject;
			attributes = {
				LastSwiftUpdateCheck = 1140;
				LastUpgradeCheck = 1140;
				ORGANIZATIONNAME = "Heads and Hands";
				TargetAttributes = {
					50519C472470589E00F26526 = {
						CreatedOnToolsVersion = 11.4.1;
					};
					50519CA224730FCE00F26526 = {
						CreatedOnToolsVersion = 11.4.1;
					};
				};
			};
			buildConfigurationList = 50519C432470589E00F26526 /* Build configuration list for PBXProject "Styler" */;
			compatibilityVersion = "Xcode 9.3";
			developmentRegion = en;
			hasScannedForEncodings = 0;
			knownRegions = (
				en,
				Base,
			);
			mainGroup = 50519C3F2470589E00F26526;
			productRefGroup = 50519C492470589E00F26526 /* Products */;
			projectDirPath = "";
			projectRoot = "";
			targets = (
				50519C472470589E00F26526 /* Styler */,
				50519CA224730FCE00F26526 /* ViewStyler */,
			);
		};
/* End PBXProject section */

/* Begin PBXResourcesBuildPhase section */
		50519C462470589E00F26526 /* Resources */ = {
			isa = PBXResourcesBuildPhase;
			buildActionMask = 2147483647;
			files = (
				50519C582470589F00F26526 /* LaunchScreen.storyboard in Resources */,
				50519C552470589F00F26526 /* Assets.xcassets in Resources */,
				50519C532470589E00F26526 /* Main.storyboard in Resources */,
			);
			runOnlyForDeploymentPostprocessing = 0;
		};
		50519CA124730FCE00F26526 /* Resources */ = {
			isa = PBXResourcesBuildPhase;
			buildActionMask = 2147483647;
			files = (
			);
			runOnlyForDeploymentPostprocessing = 0;
		};
/* End PBXResourcesBuildPhase section */

/* Begin PBXSourcesBuildPhase section */
		50519C442470589E00F26526 /* Sources */ = {
			isa = PBXSourcesBuildPhase;
			buildActionMask = 2147483647;
			files = (
				50519C502470589E00F26526 /* ViewController.swift in Sources */,
				50519C4C2470589E00F26526 /* AppDelegate.swift in Sources */,
				50519C7A2470648900F26526 /* Example.swift in Sources */,
				50519C4E2470589E00F26526 /* SceneDelegate.swift in Sources */,
			);
			runOnlyForDeploymentPostprocessing = 0;
		};
		50519C9F24730FCE00F26526 /* Sources */ = {
			isa = PBXSourcesBuildPhase;
			buildActionMask = 2147483647;
			files = (
				500F554E2581196B00ED3EBD /* VSBorderView.swift in Sources */,
				500F555C2581196B00ED3EBD /* VSStringHolderView.swift in Sources */,
				50A80BCB2587E18A00AF8088 /* VSFormStyle.swift in Sources */,
				500F55692581196B00ED3EBD /* VSStyleProvider+VSTextField.swift in Sources */,
				500F55602581196B00ED3EBD /* NSAttributedString+.swift in Sources */,
				500F554D2581196B00ED3EBD /* VSStyleProvider+VSBorderView.swift in Sources */,
				500F556A2581196B00ED3EBD /* UITextField+.swift in Sources */,
				500F555B2581196B00ED3EBD /* VSTextParagraphStyle.swift in Sources */,
				500F55662581196B00ED3EBD /* String+.swift in Sources */,
				500F554F2581196B00ED3EBD /* UIView+.swift in Sources */,
				500F55472581196B00ED3EBD /* VSStyleProvider+VSButton.swift in Sources */,
				500F55522581196B00ED3EBD /* VSTextView.swift in Sources */,
				500F554C2581196B00ED3EBD /* VSBorderStyle.swift in Sources */,
				504D803625B1A4F60006E1EB /* UIStyler+UIImageView.swift in Sources */,
				500F55592581196B00ED3EBD /* VSStyleProvider+ParagraphStyle.swift in Sources */,
				500F555A2581196B00ED3EBD /* VSTextBaseStyle.swift in Sources */,
				504D35F125B5F836004EE42B /* UIImageView+.swift in Sources */,
				500F55642581196B00ED3EBD /* VSWrappedControl.swift in Sources */,
				50EB9E062582763100DE0EE0 /* VSStyleProvider+VSShadowableView.swift in Sources */,
				500F55572581196B00ED3EBD /* VSStringView.swift in Sources */,
				500F55552581196B00ED3EBD /* VSWrappedTextView.swift in Sources */,
				50165ADE25B5F49400B8B9C7 /* VSImageHolderView.swift in Sources */,
				500F55682581196B00ED3EBD /* VSWrappedTextField.swift in Sources */,
				500F55432581196B00ED3EBD /* VSButton.swift in Sources */,
				500F55542581196B00ED3EBD /* VSTextHolderView.swift in Sources */,
				500F554A2581196B00ED3EBD /* VSStylezable.swift in Sources */,
				500F55562581196B00ED3EBD /* VSStyleProvider+Text.swift in Sources */,
				504D804A25B234E80006E1EB /* VSImageViewStyle.swift in Sources */,
				50A80BC62587E18600AF8088 /* VSFormableView.swift in Sources */,
				50EB9DFC2582758C00DE0EE0 /* VSShadowStyle.swift in Sources */,
				500F55672581196B00ED3EBD /* VSTextFieldHolderView.swift in Sources */,
				500F55512581196B00ED3EBD /* VSStyleProvider+VSTextView.swift in Sources */,
				50E9DFBF25826DFC000A2D1D /* VSLayerHolderView.swift in Sources */,
				500F555D2581196B00ED3EBD /* VSWrappedStringView.swift in Sources */,
				50A80BCF2587E1B100AF8088 /* VSStyleProvider+VSFormableView.swift in Sources */,
				500F556B2581196B00ED3EBD /* VSTextField.swift in Sources */,
				500F55582581196B00ED3EBD /* VSStyleProvider+BaseStyle.swift in Sources */,
				504D804225B234A40006E1EB /* VSImageViewOption.swift in Sources */,
				500F55652581196B00ED3EBD /* VSControl.swift in Sources */,
				500F55482581196B00ED3EBD /* VSItem.swift in Sources */,
				500F55452581196B00ED3EBD /* VSButtonHolderView.swift in Sources */,
				500F555E2581196B00ED3EBD /* VSStringStylable.swift in Sources */,
				500F55442581196B00ED3EBD /* UIButton+.swift in Sources */,
				500F55532581196B00ED3EBD /* UITextView+.swift in Sources */,
				500F55462581196B00ED3EBD /* VSWrappedButton.swift in Sources */,
				500F55492581196B00ED3EBD /* VSInnerStyleProvider.swift in Sources */,
				500F555F2581196B00ED3EBD /* VSStyleProvider+URL.swift in Sources */,
				500F55422581196B00ED3EBD /* UILabel+.swift in Sources */,
				500F554B2581196B00ED3EBD /* VSStyleProvider.swift in Sources */,
				504D804625B234C90006E1EB /* VSImageViewPlaceholder.swift in Sources */,
				50EB9E00258275D800DE0EE0 /* VSShadowableView.swift in Sources */,
				50165AE225B5F4FC00B8B9C7 /* VSImageView.swift in Sources */,
			);
			runOnlyForDeploymentPostprocessing = 0;
		};
/* End PBXSourcesBuildPhase section */

/* Begin PBXTargetDependency section */
		50519CA924730FCE00F26526 /* PBXTargetDependency */ = {
			isa = PBXTargetDependency;
			target = 50519CA224730FCE00F26526 /* ViewStyler */;
			targetProxy = 50519CA824730FCE00F26526 /* PBXContainerItemProxy */;
		};
/* End PBXTargetDependency section */

/* Begin PBXVariantGroup section */
		50519C512470589E00F26526 /* Main.storyboard */ = {
			isa = PBXVariantGroup;
			children = (
				50519C522470589E00F26526 /* Base */,
			);
			name = Main.storyboard;
			sourceTree = "<group>";
		};
		50519C562470589F00F26526 /* LaunchScreen.storyboard */ = {
			isa = PBXVariantGroup;
			children = (
				50519C572470589F00F26526 /* Base */,
			);
			name = LaunchScreen.storyboard;
			sourceTree = "<group>";
		};
/* End PBXVariantGroup section */

/* Begin XCBuildConfiguration section */
		50519C5A2470589F00F26526 /* Debug */ = {
			isa = XCBuildConfiguration;
			buildSettings = {
				ALWAYS_SEARCH_USER_PATHS = NO;
				CLANG_ANALYZER_NONNULL = YES;
				CLANG_ANALYZER_NUMBER_OBJECT_CONVERSION = YES_AGGRESSIVE;
				CLANG_CXX_LANGUAGE_STANDARD = "gnu++14";
				CLANG_CXX_LIBRARY = "libc++";
				CLANG_ENABLE_MODULES = YES;
				CLANG_ENABLE_OBJC_ARC = YES;
				CLANG_ENABLE_OBJC_WEAK = YES;
				CLANG_WARN_BLOCK_CAPTURE_AUTORELEASING = YES;
				CLANG_WARN_BOOL_CONVERSION = YES;
				CLANG_WARN_COMMA = YES;
				CLANG_WARN_CONSTANT_CONVERSION = YES;
				CLANG_WARN_DEPRECATED_OBJC_IMPLEMENTATIONS = YES;
				CLANG_WARN_DIRECT_OBJC_ISA_USAGE = YES_ERROR;
				CLANG_WARN_DOCUMENTATION_COMMENTS = YES;
				CLANG_WARN_EMPTY_BODY = YES;
				CLANG_WARN_ENUM_CONVERSION = YES;
				CLANG_WARN_INFINITE_RECURSION = YES;
				CLANG_WARN_INT_CONVERSION = YES;
				CLANG_WARN_NON_LITERAL_NULL_CONVERSION = YES;
				CLANG_WARN_OBJC_IMPLICIT_RETAIN_SELF = YES;
				CLANG_WARN_OBJC_LITERAL_CONVERSION = YES;
				CLANG_WARN_OBJC_ROOT_CLASS = YES_ERROR;
				CLANG_WARN_RANGE_LOOP_ANALYSIS = YES;
				CLANG_WARN_STRICT_PROTOTYPES = YES;
				CLANG_WARN_SUSPICIOUS_MOVE = YES;
				CLANG_WARN_UNGUARDED_AVAILABILITY = YES_AGGRESSIVE;
				CLANG_WARN_UNREACHABLE_CODE = YES;
				CLANG_WARN__DUPLICATE_METHOD_MATCH = YES;
				COPY_PHASE_STRIP = NO;
				DEBUG_INFORMATION_FORMAT = dwarf;
				ENABLE_STRICT_OBJC_MSGSEND = YES;
				ENABLE_TESTABILITY = YES;
				GCC_C_LANGUAGE_STANDARD = gnu11;
				GCC_DYNAMIC_NO_PIC = NO;
				GCC_NO_COMMON_BLOCKS = YES;
				GCC_OPTIMIZATION_LEVEL = 0;
				GCC_PREPROCESSOR_DEFINITIONS = (
					"DEBUG=1",
					"$(inherited)",
				);
				GCC_WARN_64_TO_32_BIT_CONVERSION = YES;
				GCC_WARN_ABOUT_RETURN_TYPE = YES_ERROR;
				GCC_WARN_UNDECLARED_SELECTOR = YES;
				GCC_WARN_UNINITIALIZED_AUTOS = YES_AGGRESSIVE;
				GCC_WARN_UNUSED_FUNCTION = YES;
				GCC_WARN_UNUSED_VARIABLE = YES;
				IPHONEOS_DEPLOYMENT_TARGET = 13.4;
				MTL_ENABLE_DEBUG_INFO = INCLUDE_SOURCE;
				MTL_FAST_MATH = YES;
				ONLY_ACTIVE_ARCH = YES;
				SDKROOT = iphoneos;
				SWIFT_ACTIVE_COMPILATION_CONDITIONS = DEBUG;
				SWIFT_OPTIMIZATION_LEVEL = "-Onone";
			};
			name = Debug;
		};
		50519C5B2470589F00F26526 /* Release */ = {
			isa = XCBuildConfiguration;
			buildSettings = {
				ALWAYS_SEARCH_USER_PATHS = NO;
				CLANG_ANALYZER_NONNULL = YES;
				CLANG_ANALYZER_NUMBER_OBJECT_CONVERSION = YES_AGGRESSIVE;
				CLANG_CXX_LANGUAGE_STANDARD = "gnu++14";
				CLANG_CXX_LIBRARY = "libc++";
				CLANG_ENABLE_MODULES = YES;
				CLANG_ENABLE_OBJC_ARC = YES;
				CLANG_ENABLE_OBJC_WEAK = YES;
				CLANG_WARN_BLOCK_CAPTURE_AUTORELEASING = YES;
				CLANG_WARN_BOOL_CONVERSION = YES;
				CLANG_WARN_COMMA = YES;
				CLANG_WARN_CONSTANT_CONVERSION = YES;
				CLANG_WARN_DEPRECATED_OBJC_IMPLEMENTATIONS = YES;
				CLANG_WARN_DIRECT_OBJC_ISA_USAGE = YES_ERROR;
				CLANG_WARN_DOCUMENTATION_COMMENTS = YES;
				CLANG_WARN_EMPTY_BODY = YES;
				CLANG_WARN_ENUM_CONVERSION = YES;
				CLANG_WARN_INFINITE_RECURSION = YES;
				CLANG_WARN_INT_CONVERSION = YES;
				CLANG_WARN_NON_LITERAL_NULL_CONVERSION = YES;
				CLANG_WARN_OBJC_IMPLICIT_RETAIN_SELF = YES;
				CLANG_WARN_OBJC_LITERAL_CONVERSION = YES;
				CLANG_WARN_OBJC_ROOT_CLASS = YES_ERROR;
				CLANG_WARN_RANGE_LOOP_ANALYSIS = YES;
				CLANG_WARN_STRICT_PROTOTYPES = YES;
				CLANG_WARN_SUSPICIOUS_MOVE = YES;
				CLANG_WARN_UNGUARDED_AVAILABILITY = YES_AGGRESSIVE;
				CLANG_WARN_UNREACHABLE_CODE = YES;
				CLANG_WARN__DUPLICATE_METHOD_MATCH = YES;
				COPY_PHASE_STRIP = NO;
				DEBUG_INFORMATION_FORMAT = "dwarf-with-dsym";
				ENABLE_NS_ASSERTIONS = NO;
				ENABLE_STRICT_OBJC_MSGSEND = YES;
				GCC_C_LANGUAGE_STANDARD = gnu11;
				GCC_NO_COMMON_BLOCKS = YES;
				GCC_WARN_64_TO_32_BIT_CONVERSION = YES;
				GCC_WARN_ABOUT_RETURN_TYPE = YES_ERROR;
				GCC_WARN_UNDECLARED_SELECTOR = YES;
				GCC_WARN_UNINITIALIZED_AUTOS = YES_AGGRESSIVE;
				GCC_WARN_UNUSED_FUNCTION = YES;
				GCC_WARN_UNUSED_VARIABLE = YES;
				IPHONEOS_DEPLOYMENT_TARGET = 13.4;
				MTL_ENABLE_DEBUG_INFO = NO;
				MTL_FAST_MATH = YES;
				SDKROOT = iphoneos;
				SWIFT_COMPILATION_MODE = wholemodule;
				SWIFT_OPTIMIZATION_LEVEL = "-O";
				VALIDATE_PRODUCT = YES;
			};
			name = Release;
		};
		50519C5D2470589F00F26526 /* Debug */ = {
			isa = XCBuildConfiguration;
			buildSettings = {
				ASSETCATALOG_COMPILER_APPICON_NAME = AppIcon;
				CODE_SIGN_STYLE = Automatic;
				DEVELOPMENT_TEAM = X86NQK83T7;
				INFOPLIST_FILE = Example/Info.plist;
				LD_RUNPATH_SEARCH_PATHS = (
					"$(inherited)",
					"@executable_path/Frameworks",
				);
				PRODUCT_BUNDLE_IDENTIFIER = ru.handh.Styler;
				PRODUCT_NAME = "$(TARGET_NAME)";
				SWIFT_VERSION = 5.0;
				TARGETED_DEVICE_FAMILY = "1,2";
			};
			name = Debug;
		};
		50519C5E2470589F00F26526 /* Release */ = {
			isa = XCBuildConfiguration;
			buildSettings = {
				ASSETCATALOG_COMPILER_APPICON_NAME = AppIcon;
				CODE_SIGN_STYLE = Automatic;
				DEVELOPMENT_TEAM = X86NQK83T7;
				INFOPLIST_FILE = Example/Info.plist;
				LD_RUNPATH_SEARCH_PATHS = (
					"$(inherited)",
					"@executable_path/Frameworks",
				);
				PRODUCT_BUNDLE_IDENTIFIER = ru.handh.Styler;
				PRODUCT_NAME = "$(TARGET_NAME)";
				SWIFT_VERSION = 5.0;
				TARGETED_DEVICE_FAMILY = "1,2";
			};
			name = Release;
		};
		50519CAD24730FCE00F26526 /* Debug */ = {
			isa = XCBuildConfiguration;
			buildSettings = {
				CODE_SIGN_STYLE = Automatic;
				CURRENT_PROJECT_VERSION = 1;
				DEFINES_MODULE = YES;
				DEVELOPMENT_TEAM = X86NQK83T7;
				DYLIB_COMPATIBILITY_VERSION = 1;
				DYLIB_CURRENT_VERSION = 1;
				DYLIB_INSTALL_NAME_BASE = "@rpath";
				FRAMEWORK_SEARCH_PATHS = (
					"$(inherited)",
					"$(PROJECT_DIR)/Carthage/Build/iOS",
				);
				INFOPLIST_FILE = ViewStyler/Info.plist;
				INSTALL_PATH = "$(LOCAL_LIBRARY_DIR)/Frameworks";
				LD_RUNPATH_SEARCH_PATHS = (
					"$(inherited)",
					"@executable_path/Frameworks",
					"@loader_path/Frameworks",
				);
				PRODUCT_BUNDLE_IDENTIFIER = ru.handh.ViewStyler;
				PRODUCT_NAME = "$(TARGET_NAME:c99extidentifier)";
				SKIP_INSTALL = YES;
				SUPPORTS_MACCATALYST = NO;
				SWIFT_VERSION = 5.0;
				TARGETED_DEVICE_FAMILY = "1,2";
				VERSIONING_SYSTEM = "apple-generic";
				VERSION_INFO_PREFIX = "";
			};
			name = Debug;
		};
		50519CAE24730FCE00F26526 /* Release */ = {
			isa = XCBuildConfiguration;
			buildSettings = {
				CODE_SIGN_STYLE = Automatic;
				CURRENT_PROJECT_VERSION = 1;
				DEFINES_MODULE = YES;
				DEVELOPMENT_TEAM = X86NQK83T7;
				DYLIB_COMPATIBILITY_VERSION = 1;
				DYLIB_CURRENT_VERSION = 1;
				DYLIB_INSTALL_NAME_BASE = "@rpath";
				FRAMEWORK_SEARCH_PATHS = (
					"$(inherited)",
					"$(PROJECT_DIR)/Carthage/Build/iOS",
				);
				INFOPLIST_FILE = ViewStyler/Info.plist;
				INSTALL_PATH = "$(LOCAL_LIBRARY_DIR)/Frameworks";
				LD_RUNPATH_SEARCH_PATHS = (
					"$(inherited)",
					"@executable_path/Frameworks",
					"@loader_path/Frameworks",
				);
				PRODUCT_BUNDLE_IDENTIFIER = ru.handh.ViewStyler;
				PRODUCT_NAME = "$(TARGET_NAME:c99extidentifier)";
				SKIP_INSTALL = YES;
				SUPPORTS_MACCATALYST = NO;
				SWIFT_VERSION = 5.0;
				TARGETED_DEVICE_FAMILY = "1,2";
				VERSIONING_SYSTEM = "apple-generic";
				VERSION_INFO_PREFIX = "";
			};
			name = Release;
		};
/* End XCBuildConfiguration section */

/* Begin XCConfigurationList section */
		50519C432470589E00F26526 /* Build configuration list for PBXProject "Styler" */ = {
			isa = XCConfigurationList;
			buildConfigurations = (
				50519C5A2470589F00F26526 /* Debug */,
				50519C5B2470589F00F26526 /* Release */,
			);
			defaultConfigurationIsVisible = 0;
			defaultConfigurationName = Release;
		};
		50519C5C2470589F00F26526 /* Build configuration list for PBXNativeTarget "Styler" */ = {
			isa = XCConfigurationList;
			buildConfigurations = (
				50519C5D2470589F00F26526 /* Debug */,
				50519C5E2470589F00F26526 /* Release */,
			);
			defaultConfigurationIsVisible = 0;
			defaultConfigurationName = Release;
		};
		50519CAF24730FCE00F26526 /* Build configuration list for PBXNativeTarget "ViewStyler" */ = {
			isa = XCConfigurationList;
			buildConfigurations = (
				50519CAD24730FCE00F26526 /* Debug */,
				50519CAE24730FCE00F26526 /* Release */,
			);
			defaultConfigurationIsVisible = 0;
			defaultConfigurationName = Release;
		};
/* End XCConfigurationList section */
	};
	rootObject = 50519C402470589E00F26526 /* Project object */;
}
